
Microsoft Visual Studio Solution File, Format Version 12.00
# Visual Studio Version 17
VisualStudioVersion = 17.4.33213.308
MinimumVisualStudioVersion = 10.0.40219.1
Project("{FAE04EC0-301F-11D3-BF4B-00C04F79EFBC}") = "API_Tranca_Curso", "API_Tranca_Curso.csproj", "{19F1E907-504F-4F77-A85D-9D92FEAD0F2D}"
EndProject
Global
	GlobalSection(SolutionConfigurationPlatforms) = preSolution
		Debug|Any CPU = Debug|Any CPU
		Release|Any CPU = Release|Any CPU
	EndGlobalSection
	GlobalSection(ProjectConfigurationPlatforms) = postSolution
		{19F1E907-504F-4F77-A85D-9D92FEAD0F2D}.Debug|Any CPU.ActiveCfg = Debug|Any CPU
		{19F1E907-504F-4F77-A85D-9D92FEAD0F2D}.Debug|Any CPU.Build.0 = Debug|Any CPU
		{19F1E907-504F-4F77-A85D-9D92FEAD0F2D}.Release|Any CPU.ActiveCfg = Release|Any CPU
		{19F1E907-504F-4F77-A85D-9D92FEAD0F2D}.Release|Any CPU.Build.0 = Release|Any CPU
	EndGlobalSection
	GlobalSection(SolutionProperties) = preSolution
		HideSolutionNode = FALSE
	EndGlobalSection
	GlobalSection(ExtensibilityGlobals) = postSolution
		SolutionGuid = {2B54B979-1FF0-46FB-81F1-2A486BEF0633}
	EndGlobalSection
EndGlobal
